// !$*UTF8*$!
{
	archiveVersion = 1;
	classes = {
	};
	objectVersion = 46;
	objects = {

/* Begin PBXBuildFile section */
		4B85E6B7FEA8A9EA9EB58A8F /* Pods_Bluetooth_Interaction.framework in Frameworks */ = {isa = PBXBuildFile; fileRef = 138ED1D39414592096CFE683 /* Pods_Bluetooth_Interaction.framework */; };
		DBB683C01BDEBDBE002ED471 /* AppDelegate.swift in Sources */ = {isa = PBXBuildFile; fileRef = DBB683BF1BDEBDBE002ED471 /* AppDelegate.swift */; };
		DBB683C21BDEBDBE002ED471 /* ViewController.swift in Sources */ = {isa = PBXBuildFile; fileRef = DBB683C11BDEBDBE002ED471 /* ViewController.swift */; };
		DBB683C51BDEBDBE002ED471 /* Main.storyboard in Resources */ = {isa = PBXBuildFile; fileRef = DBB683C31BDEBDBE002ED471 /* Main.storyboard */; };
		DBB683C81BDEBDBE002ED471 /* Bluetooth_Interaction.xcdatamodeld in Sources */ = {isa = PBXBuildFile; fileRef = DBB683C61BDEBDBE002ED471 /* Bluetooth_Interaction.xcdatamodeld */; };
		DBB683CA1BDEBDBE002ED471 /* Assets.xcassets in Resources */ = {isa = PBXBuildFile; fileRef = DBB683C91BDEBDBE002ED471 /* Assets.xcassets */; };
		DBB683CD1BDEBDBE002ED471 /* LaunchScreen.storyboard in Resources */ = {isa = PBXBuildFile; fileRef = DBB683CB1BDEBDBE002ED471 /* LaunchScreen.storyboard */; };
		DBB683D81BDEBDBE002ED471 /* Bluetooth_InteractionTests.swift in Sources */ = {isa = PBXBuildFile; fileRef = DBB683D71BDEBDBE002ED471 /* Bluetooth_InteractionTests.swift */; };
		DBB683E31BDEBDBE002ED471 /* Bluetooth_InteractionUITests.swift in Sources */ = {isa = PBXBuildFile; fileRef = DBB683E21BDEBDBE002ED471 /* Bluetooth_InteractionUITests.swift */; };
/* End PBXBuildFile section */

/* Begin PBXContainerItemProxy section */
		DBB683D41BDEBDBE002ED471 /* PBXContainerItemProxy */ = {
			isa = PBXContainerItemProxy;
			containerPortal = DBB683B41BDEBDBE002ED471 /* Project object */;
			proxyType = 1;
			remoteGlobalIDString = DBB683BB1BDEBDBE002ED471;
			remoteInfo = "Bluetooth-Interaction";
		};
		DBB683DF1BDEBDBE002ED471 /* PBXContainerItemProxy */ = {
			isa = PBXContainerItemProxy;
			containerPortal = DBB683B41BDEBDBE002ED471 /* Project object */;
			proxyType = 1;
			remoteGlobalIDString = DBB683BB1BDEBDBE002ED471;
			remoteInfo = "Bluetooth-Interaction";
		};
/* End PBXContainerItemProxy section */

/* Begin PBXFileReference section */
		138ED1D39414592096CFE683 /* Pods_Bluetooth_Interaction.framework */ = {isa = PBXFileReference; explicitFileType = wrapper.framework; includeInIndex = 0; path = Pods_Bluetooth_Interaction.framework; sourceTree = BUILT_PRODUCTS_DIR; };
		3FA003A8E093CA0012AD2B1E /* Pods-Bluetooth-Interaction.debug.xcconfig */ = {isa = PBXFileReference; includeInIndex = 1; lastKnownFileType = text.xcconfig; name = "Pods-Bluetooth-Interaction.debug.xcconfig"; path = "Pods/Target Support Files/Pods-Bluetooth-Interaction/Pods-Bluetooth-Interaction.debug.xcconfig"; sourceTree = "<group>"; };
		845048CB1B6162007DEE5EC7 /* Pods-Bluetooth-Interaction.release.xcconfig */ = {isa = PBXFileReference; includeInIndex = 1; lastKnownFileType = text.xcconfig; name = "Pods-Bluetooth-Interaction.release.xcconfig"; path = "Pods/Target Support Files/Pods-Bluetooth-Interaction/Pods-Bluetooth-Interaction.release.xcconfig"; sourceTree = "<group>"; };
		DBB683BC1BDEBDBE002ED471 /* Bluetooth-Interaction.app */ = {isa = PBXFileReference; explicitFileType = wrapper.application; includeInIndex = 0; path = "Bluetooth-Interaction.app"; sourceTree = BUILT_PRODUCTS_DIR; };
		DBB683BF1BDEBDBE002ED471 /* AppDelegate.swift */ = {isa = PBXFileReference; lastKnownFileType = sourcecode.swift; path = AppDelegate.swift; sourceTree = "<group>"; };
		DBB683C11BDEBDBE002ED471 /* ViewController.swift */ = {isa = PBXFileReference; lastKnownFileType = sourcecode.swift; path = ViewController.swift; sourceTree = "<group>"; };
		DBB683C41BDEBDBE002ED471 /* Base */ = {isa = PBXFileReference; lastKnownFileType = file.storyboard; name = Base; path = Base.lproj/Main.storyboard; sourceTree = "<group>"; };
		DBB683C71BDEBDBE002ED471 /* Bluetooth_Interaction.xcdatamodel */ = {isa = PBXFileReference; lastKnownFileType = wrapper.xcdatamodel; path = Bluetooth_Interaction.xcdatamodel; sourceTree = "<group>"; };
		DBB683C91BDEBDBE002ED471 /* Assets.xcassets */ = {isa = PBXFileReference; lastKnownFileType = folder.assetcatalog; path = Assets.xcassets; sourceTree = "<group>"; };
		DBB683CC1BDEBDBE002ED471 /* Base */ = {isa = PBXFileReference; lastKnownFileType = file.storyboard; name = Base; path = Base.lproj/LaunchScreen.storyboard; sourceTree = "<group>"; };
		DBB683CE1BDEBDBE002ED471 /* Info.plist */ = {isa = PBXFileReference; lastKnownFileType = text.plist.xml; path = Info.plist; sourceTree = "<group>"; };
		DBB683D31BDEBDBE002ED471 /* Bluetooth-InteractionTests.xctest */ = {isa = PBXFileReference; explicitFileType = wrapper.cfbundle; includeInIndex = 0; path = "Bluetooth-InteractionTests.xctest"; sourceTree = BUILT_PRODUCTS_DIR; };
		DBB683D71BDEBDBE002ED471 /* Bluetooth_InteractionTests.swift */ = {isa = PBXFileReference; lastKnownFileType = sourcecode.swift; path = Bluetooth_InteractionTests.swift; sourceTree = "<group>"; };
		DBB683D91BDEBDBE002ED471 /* Info.plist */ = {isa = PBXFileReference; lastKnownFileType = text.plist.xml; path = Info.plist; sourceTree = "<group>"; };
		DBB683DE1BDEBDBE002ED471 /* Bluetooth-InteractionUITests.xctest */ = {isa = PBXFileReference; explicitFileType = wrapper.cfbundle; includeInIndex = 0; path = "Bluetooth-InteractionUITests.xctest"; sourceTree = BUILT_PRODUCTS_DIR; };
		DBB683E21BDEBDBE002ED471 /* Bluetooth_InteractionUITests.swift */ = {isa = PBXFileReference; lastKnownFileType = sourcecode.swift; path = Bluetooth_InteractionUITests.swift; sourceTree = "<group>"; };
		DBB683E41BDEBDBE002ED471 /* Info.plist */ = {isa = PBXFileReference; lastKnownFileType = text.plist.xml; path = Info.plist; sourceTree = "<group>"; };
/* End PBXFileReference section */

/* Begin PBXFrameworksBuildPhase section */
		DBB683B91BDEBDBE002ED471 /* Frameworks */ = {
			isa = PBXFrameworksBuildPhase;
			buildActionMask = 2147483647;
			files = (
				4B85E6B7FEA8A9EA9EB58A8F /* Pods_Bluetooth_Interaction.framework in Frameworks */,
			);
			runOnlyForDeploymentPostprocessing = 0;
		};
		DBB683D01BDEBDBE002ED471 /* Frameworks */ = {
			isa = PBXFrameworksBuildPhase;
			buildActionMask = 2147483647;
			files = (
			);
			runOnlyForDeploymentPostprocessing = 0;
		};
		DBB683DB1BDEBDBE002ED471 /* Frameworks */ = {
			isa = PBXFrameworksBuildPhase;
			buildActionMask = 2147483647;
			files = (
			);
			runOnlyForDeploymentPostprocessing = 0;
		};
/* End PBXFrameworksBuildPhase section */

/* Begin PBXGroup section */
		0F433E8992C39E340AC362B8 /* Pods */ = {
			isa = PBXGroup;
			children = (
				3FA003A8E093CA0012AD2B1E /* Pods-Bluetooth-Interaction.debug.xcconfig */,
				845048CB1B6162007DEE5EC7 /* Pods-Bluetooth-Interaction.release.xcconfig */,
			);
			name = Pods;
			sourceTree = "<group>";
		};
		2C310332FEF7DAD1516136A1 /* Frameworks */ = {
			isa = PBXGroup;
			children = (
				138ED1D39414592096CFE683 /* Pods_Bluetooth_Interaction.framework */,
			);
			name = Frameworks;
			sourceTree = "<group>";
		};
		DBB683B31BDEBDBE002ED471 = {
			isa = PBXGroup;
			children = (
				DBB683BE1BDEBDBE002ED471 /* Bluetooth-Interaction */,
				DBB683D61BDEBDBE002ED471 /* Bluetooth-InteractionTests */,
				DBB683E11BDEBDBE002ED471 /* Bluetooth-InteractionUITests */,
				DBB683BD1BDEBDBE002ED471 /* Products */,
				0F433E8992C39E340AC362B8 /* Pods */,
				2C310332FEF7DAD1516136A1 /* Frameworks */,
			);
			sourceTree = "<group>";
		};
		DBB683BD1BDEBDBE002ED471 /* Products */ = {
			isa = PBXGroup;
			children = (
				DBB683BC1BDEBDBE002ED471 /* Bluetooth-Interaction.app */,
				DBB683D31BDEBDBE002ED471 /* Bluetooth-InteractionTests.xctest */,
				DBB683DE1BDEBDBE002ED471 /* Bluetooth-InteractionUITests.xctest */,
			);
			name = Products;
			sourceTree = "<group>";
		};
		DBB683BE1BDEBDBE002ED471 /* Bluetooth-Interaction */ = {
			isa = PBXGroup;
			children = (
				DBB683BF1BDEBDBE002ED471 /* AppDelegate.swift */,
				DBB683C11BDEBDBE002ED471 /* ViewController.swift */,
				DBB683C31BDEBDBE002ED471 /* Main.storyboard */,
				DBB683C91BDEBDBE002ED471 /* Assets.xcassets */,
				DBB683CB1BDEBDBE002ED471 /* LaunchScreen.storyboard */,
				DBB683CE1BDEBDBE002ED471 /* Info.plist */,
				DBB683C61BDEBDBE002ED471 /* Bluetooth_Interaction.xcdatamodeld */,
			);
			path = "Bluetooth-Interaction";
			sourceTree = "<group>";
		};
		DBB683D61BDEBDBE002ED471 /* Bluetooth-InteractionTests */ = {
			isa = PBXGroup;
			children = (
				DBB683D71BDEBDBE002ED471 /* Bluetooth_InteractionTests.swift */,
				DBB683D91BDEBDBE002ED471 /* Info.plist */,
			);
			path = "Bluetooth-InteractionTests";
			sourceTree = "<group>";
		};
		DBB683E11BDEBDBE002ED471 /* Bluetooth-InteractionUITests */ = {
			isa = PBXGroup;
			children = (
				DBB683E21BDEBDBE002ED471 /* Bluetooth_InteractionUITests.swift */,
				DBB683E41BDEBDBE002ED471 /* Info.plist */,
			);
			path = "Bluetooth-InteractionUITests";
			sourceTree = "<group>";
		};
/* End PBXGroup section */

/* Begin PBXNativeTarget section */
		DBB683BB1BDEBDBE002ED471 /* Bluetooth-Interaction */ = {
			isa = PBXNativeTarget;
			buildConfigurationList = DBB683E71BDEBDBE002ED471 /* Build configuration list for PBXNativeTarget "Bluetooth-Interaction" */;
			buildPhases = (
				77D4308D2F691D47C8565AFE /* Check Pods Manifest.lock */,
				DBB683B81BDEBDBE002ED471 /* Sources */,
				DBB683B91BDEBDBE002ED471 /* Frameworks */,
				DBB683BA1BDEBDBE002ED471 /* Resources */,
				8E4F9470D082751E95A83AA2 /* Embed Pods Frameworks */,
				729F39B021813AF52878D0DC /* Copy Pods Resources */,
			);
			buildRules = (
			);
			dependencies = (
			);
			name = "Bluetooth-Interaction";
			productName = "Bluetooth-Interaction";
			productReference = DBB683BC1BDEBDBE002ED471 /* Bluetooth-Interaction.app */;
			productType = "com.apple.product-type.application";
		};
		DBB683D21BDEBDBE002ED471 /* Bluetooth-InteractionTests */ = {
			isa = PBXNativeTarget;
			buildConfigurationList = DBB683EA1BDEBDBE002ED471 /* Build configuration list for PBXNativeTarget "Bluetooth-InteractionTests" */;
			buildPhases = (
				DBB683CF1BDEBDBE002ED471 /* Sources */,
				DBB683D01BDEBDBE002ED471 /* Frameworks */,
				DBB683D11BDEBDBE002ED471 /* Resources */,
			);
			buildRules = (
			);
			dependencies = (
				DBB683D51BDEBDBE002ED471 /* PBXTargetDependency */,
			);
			name = "Bluetooth-InteractionTests";
			productName = "Bluetooth-InteractionTests";
			productReference = DBB683D31BDEBDBE002ED471 /* Bluetooth-InteractionTests.xctest */;
			productType = "com.apple.product-type.bundle.unit-test";
		};
		DBB683DD1BDEBDBE002ED471 /* Bluetooth-InteractionUITests */ = {
			isa = PBXNativeTarget;
			buildConfigurationList = DBB683ED1BDEBDBE002ED471 /* Build configuration list for PBXNativeTarget "Bluetooth-InteractionUITests" */;
			buildPhases = (
				DBB683DA1BDEBDBE002ED471 /* Sources */,
				DBB683DB1BDEBDBE002ED471 /* Frameworks */,
				DBB683DC1BDEBDBE002ED471 /* Resources */,
			);
			buildRules = (
			);
			dependencies = (
				DBB683E01BDEBDBE002ED471 /* PBXTargetDependency */,
			);
			name = "Bluetooth-InteractionUITests";
			productName = "Bluetooth-InteractionUITests";
			productReference = DBB683DE1BDEBDBE002ED471 /* Bluetooth-InteractionUITests.xctest */;
			productType = "com.apple.product-type.bundle.ui-testing";
		};
/* End PBXNativeTarget section */

/* Begin PBXProject section */
		DBB683B41BDEBDBE002ED471 /* Project object */ = {
			isa = PBXProject;
			attributes = {
				LastUpgradeCheck = 0710;
				ORGANIZATIONNAME = JeongGroup;
				TargetAttributes = {
					DBB683BB1BDEBDBE002ED471 = {
						CreatedOnToolsVersion = 7.1;
						DevelopmentTeam = U92T26J6X7;
					};
					DBB683D21BDEBDBE002ED471 = {
						CreatedOnToolsVersion = 7.1;
						TestTargetID = DBB683BB1BDEBDBE002ED471;
					};
					DBB683DD1BDEBDBE002ED471 = {
						CreatedOnToolsVersion = 7.1;
						TestTargetID = DBB683BB1BDEBDBE002ED471;
					};
				};
			};
			buildConfigurationList = DBB683B71BDEBDBE002ED471 /* Build configuration list for PBXProject "Bluetooth-Interaction" */;
			compatibilityVersion = "Xcode 3.2";
			developmentRegion = English;
			hasScannedForEncodings = 0;
			knownRegions = (
				en,
				Base,
			);
			mainGroup = DBB683B31BDEBDBE002ED471;
			productRefGroup = DBB683BD1BDEBDBE002ED471 /* Products */;
			projectDirPath = "";
			projectRoot = "";
			targets = (
				DBB683BB1BDEBDBE002ED471 /* Bluetooth-Interaction */,
				DBB683D21BDEBDBE002ED471 /* Bluetooth-InteractionTests */,
				DBB683DD1BDEBDBE002ED471 /* Bluetooth-InteractionUITests */,
			);
		};
/* End PBXProject section */

/* Begin PBXResourcesBuildPhase section */
		DBB683BA1BDEBDBE002ED471 /* Resources */ = {
			isa = PBXResourcesBuildPhase;
			buildActionMask = 2147483647;
			files = (
				DBB683CD1BDEBDBE002ED471 /* LaunchScreen.storyboard in Resources */,
				DBB683CA1BDEBDBE002ED471 /* Assets.xcassets in Resources */,
				DBB683C51BDEBDBE002ED471 /* Main.storyboard in Resources */,
			);
			runOnlyForDeploymentPostprocessing = 0;
		};
		DBB683D11BDEBDBE002ED471 /* Resources */ = {
			isa = PBXResourcesBuildPhase;
			buildActionMask = 2147483647;
			files = (
			);
			runOnlyForDeploymentPostprocessing = 0;
		};
		DBB683DC1BDEBDBE002ED471 /* Resources */ = {
			isa = PBXResourcesBuildPhase;
			buildActionMask = 2147483647;
			files = (
			);
			runOnlyForDeploymentPostprocessing = 0;
		};
/* End PBXResourcesBuildPhase section */

/* Begin PBXShellScriptBuildPhase section */
		729F39B021813AF52878D0DC /* Copy Pods Resources */ = {
			isa = PBXShellScriptBuildPhase;
			buildActionMask = 2147483647;
			files = (
			);
			inputPaths = (
			);
			name = "Copy Pods Resources";
			outputPaths = (
			);
			runOnlyForDeploymentPostprocessing = 0;
			shellPath = /bin/sh;
			shellScript = "\"${SRCROOT}/Pods/Target Support Files/Pods-Bluetooth-Interaction/Pods-Bluetooth-Interaction-resources.sh\"\n";
			showEnvVarsInLog = 0;
		};
		77D4308D2F691D47C8565AFE /* Check Pods Manifest.lock */ = {
			isa = PBXShellScriptBuildPhase;
			buildActionMask = 2147483647;
			files = (
			);
			inputPaths = (
			);
			name = "Check Pods Manifest.lock";
			outputPaths = (
			);
			runOnlyForDeploymentPostprocessing = 0;
			shellPath = /bin/sh;
			shellScript = "diff \"${PODS_ROOT}/../Podfile.lock\" \"${PODS_ROOT}/Manifest.lock\" > /dev/null\nif [[ $? != 0 ]] ; then\n    cat << EOM\nerror: The sandbox is not in sync with the Podfile.lock. Run 'pod install' or update your CocoaPods installation.\nEOM\n    exit 1\nfi\n";
			showEnvVarsInLog = 0;
		};
		8E4F9470D082751E95A83AA2 /* Embed Pods Frameworks */ = {
			isa = PBXShellScriptBuildPhase;
			buildActionMask = 2147483647;
			files = (
			);
			inputPaths = (
			);
			name = "Embed Pods Frameworks";
			outputPaths = (
			);
			runOnlyForDeploymentPostprocessing = 0;
			shellPath = /bin/sh;
			shellScript = "\"${SRCROOT}/Pods/Target Support Files/Pods-Bluetooth-Interaction/Pods-Bluetooth-Interaction-frameworks.sh\"\n";
			showEnvVarsInLog = 0;
		};
/* End PBXShellScriptBuildPhase section */

/* Begin PBXSourcesBuildPhase section */
		DBB683B81BDEBDBE002ED471 /* Sources */ = {
			isa = PBXSourcesBuildPhase;
			buildActionMask = 2147483647;
			files = (
				DBB683C21BDEBDBE002ED471 /* ViewController.swift in Sources */,
				DBB683C01BDEBDBE002ED471 /* AppDelegate.swift in Sources */,
				DBB683C81BDEBDBE002ED471 /* Bluetooth_Interaction.xcdatamodeld in Sources */,
			);
			runOnlyForDeploymentPostprocessing = 0;
		};
		DBB683CF1BDEBDBE002ED471 /* Sources */ = {
			isa = PBXSourcesBuildPhase;
			buildActionMask = 2147483647;
			files = (
				DBB683D81BDEBDBE002ED471 /* Bluetooth_InteractionTests.swift in Sources */,
			);
			runOnlyForDeploymentPostprocessing = 0;
		};
		DBB683DA1BDEBDBE002ED471 /* Sources */ = {
			isa = PBXSourcesBuildPhase;
			buildActionMask = 2147483647;
			files = (
				DBB683E31BDEBDBE002ED471 /* Bluetooth_InteractionUITests.swift in Sources */,
			);
			runOnlyForDeploymentPostprocessing = 0;
		};
/* End PBXSourcesBuildPhase section */

/* Begin PBXTargetDependency section */
		DBB683D51BDEBDBE002ED471 /* PBXTargetDependency */ = {
			isa = PBXTargetDependency;
			target = DBB683BB1BDEBDBE002ED471 /* Bluetooth-Interaction */;
			targetProxy = DBB683D41BDEBDBE002ED471 /* PBXContainerItemProxy */;
		};
		DBB683E01BDEBDBE002ED471 /* PBXTargetDependency */ = {
			isa = PBXTargetDependency;
			target = DBB683BB1BDEBDBE002ED471 /* Bluetooth-Interaction */;
			targetProxy = DBB683DF1BDEBDBE002ED471 /* PBXContainerItemProxy */;
		};
/* End PBXTargetDependency section */

/* Begin PBXVariantGroup section */
		DBB683C31BDEBDBE002ED471 /* Main.storyboard */ = {
			isa = PBXVariantGroup;
			children = (
				DBB683C41BDEBDBE002ED471 /* Base */,
			);
			name = Main.storyboard;
			sourceTree = "<group>";
		};
		DBB683CB1BDEBDBE002ED471 /* LaunchScreen.storyboard */ = {
			isa = PBXVariantGroup;
			children = (
				DBB683CC1BDEBDBE002ED471 /* Base */,
			);
			name = LaunchScreen.storyboard;
			sourceTree = "<group>";
		};
/* End PBXVariantGroup section */

/* Begin XCBuildConfiguration section */
		DBB683E51BDEBDBE002ED471 /* Debug */ = {
			isa = XCBuildConfiguration;
			buildSettings = {
				ALWAYS_SEARCH_USER_PATHS = NO;
				CLANG_CXX_LANGUAGE_STANDARD = "gnu++0x";
				CLANG_CXX_LIBRARY = "libc++";
				CLANG_ENABLE_MODULES = YES;
				CLANG_ENABLE_OBJC_ARC = YES;
				CLANG_WARN_BOOL_CONVERSION = YES;
				CLANG_WARN_CONSTANT_CONVERSION = YES;
				CLANG_WARN_DIRECT_OBJC_ISA_USAGE = YES_ERROR;
				CLANG_WARN_EMPTY_BODY = YES;
				CLANG_WARN_ENUM_CONVERSION = YES;
				CLANG_WARN_INT_CONVERSION = YES;
				CLANG_WARN_OBJC_ROOT_CLASS = YES_ERROR;
				CLANG_WARN_UNREACHABLE_CODE = YES;
				CLANG_WARN__DUPLICATE_METHOD_MATCH = YES;
				"CODE_SIGN_IDENTITY[sdk=iphoneos*]" = "iPhone Developer";
				COPY_PHASE_STRIP = NO;
				DEBUG_INFORMATION_FORMAT = dwarf;
				ENABLE_STRICT_OBJC_MSGSEND = YES;
				ENABLE_TESTABILITY = YES;
				GCC_C_LANGUAGE_STANDARD = gnu99;
				GCC_DYNAMIC_NO_PIC = NO;
				GCC_NO_COMMON_BLOCKS = YES;
				GCC_OPTIMIZATION_LEVEL = 0;
				GCC_PREPROCESSOR_DEFINITIONS = (
					"DEBUG=1",
					"$(inherited)",
				);
				GCC_WARN_64_TO_32_BIT_CONVERSION = YES;
				GCC_WARN_ABOUT_RETURN_TYPE = YES_ERROR;
				GCC_WARN_UNDECLARED_SELECTOR = YES;
				GCC_WARN_UNINITIALIZED_AUTOS = YES_AGGRESSIVE;
				GCC_WARN_UNUSED_FUNCTION = YES;
				GCC_WARN_UNUSED_VARIABLE = YES;
				IPHONEOS_DEPLOYMENT_TARGET = 9.1;
				MTL_ENABLE_DEBUG_INFO = YES;
				ONLY_ACTIVE_ARCH = YES;
				SDKROOT = iphoneos;
				SWIFT_OPTIMIZATION_LEVEL = "-Onone";
				TARGETED_DEVICE_FAMILY = "1,2";
			};
			name = Debug;
		};
		DBB683E61BDEBDBE002ED471 /* Release */ = {
			isa = XCBuildConfiguration;
			buildSettings = {
				ALWAYS_SEARCH_USER_PATHS = NO;
				CLANG_CXX_LANGUAGE_STANDARD = "gnu++0x";
				CLANG_CXX_LIBRARY = "libc++";
				CLANG_ENABLE_MODULES = YES;
				CLANG_ENABLE_OBJC_ARC = YES;
				CLANG_WARN_BOOL_CONVERSION = YES;
				CLANG_WARN_CONSTANT_CONVERSION = YES;
				CLANG_WARN_DIRECT_OBJC_ISA_USAGE = YES_ERROR;
				CLANG_WARN_EMPTY_BODY = YES;
				CLANG_WARN_ENUM_CONVERSION = YES;
				CLANG_WARN_INT_CONVERSION = YES;
				CLANG_WARN_OBJC_ROOT_CLASS = YES_ERROR;
				CLANG_WARN_UNREACHABLE_CODE = YES;
				CLANG_WARN__DUPLICATE_METHOD_MATCH = YES;
				"CODE_SIGN_IDENTITY[sdk=iphoneos*]" = "iPhone Developer";
				COPY_PHASE_STRIP = NO;
				DEBUG_INFORMATION_FORMAT = "dwarf-with-dsym";
				ENABLE_NS_ASSERTIONS = NO;
				ENABLE_STRICT_OBJC_MSGSEND = YES;
				GCC_C_LANGUAGE_STANDARD = gnu99;
				GCC_NO_COMMON_BLOCKS = YES;
				GCC_WARN_64_TO_32_BIT_CONVERSION = YES;
				GCC_WARN_ABOUT_RETURN_TYPE = YES_ERROR;
				GCC_WARN_UNDECLARED_SELECTOR = YES;
				GCC_WARN_UNINITIALIZED_AUTOS = YES_AGGRESSIVE;
				GCC_WARN_UNUSED_FUNCTION = YES;
				GCC_WARN_UNUSED_VARIABLE = YES;
				IPHONEOS_DEPLOYMENT_TARGET = 9.1;
				MTL_ENABLE_DEBUG_INFO = NO;
				SDKROOT = iphoneos;
				TARGETED_DEVICE_FAMILY = "1,2";
				VALIDATE_PRODUCT = YES;
			};
			name = Release;
		};
		DBB683E81BDEBDBE002ED471 /* Debug */ = {
			isa = XCBuildConfiguration;
			baseConfigurationReference = 3FA003A8E093CA0012AD2B1E /* Pods-Bluetooth-Interaction.debug.xcconfig */;
			buildSettings = {
				ASSETCATALOG_COMPILER_APPICON_NAME = AppIcon;
				CODE_SIGN_IDENTITY = "iPhone Developer";
				INFOPLIST_FILE = "Bluetooth-Interaction/Info.plist";
				LD_RUNPATH_SEARCH_PATHS = "$(inherited) @executable_path/Frameworks";
				PRODUCT_BUNDLE_IDENTIFIER = "JeongGroup.Bluetooth-Interaction";
				PRODUCT_NAME = "$(TARGET_NAME)";
			};
			name = Debug;
		};
		DBB683E91BDEBDBE002ED471 /* Release */ = {
			isa = XCBuildConfiguration;
			baseConfigurationReference = 845048CB1B6162007DEE5EC7 /* Pods-Bluetooth-Interaction.release.xcconfig */;
			buildSettings = {
				ASSETCATALOG_COMPILER_APPICON_NAME = AppIcon;
				CODE_SIGN_IDENTITY = "iPhone Developer";
				INFOPLIST_FILE = "Bluetooth-Interaction/Info.plist";
				LD_RUNPATH_SEARCH_PATHS = "$(inherited) @executable_path/Frameworks";
				PRODUCT_BUNDLE_IDENTIFIER = "JeongGroup.Bluetooth-Interaction";
				PRODUCT_NAME = "$(TARGET_NAME)";
			};
			name = Release;
		};
		DBB683EB1BDEBDBE002ED471 /* Debug */ = {
			isa = XCBuildConfiguration;
			buildSettings = {
				BUNDLE_LOADER = "$(TEST_HOST)";
				INFOPLIST_FILE = "Bluetooth-InteractionTests/Info.plist";
				LD_RUNPATH_SEARCH_PATHS = "$(inherited) @executable_path/Frameworks @loader_path/Frameworks";
				PRODUCT_BUNDLE_IDENTIFIER = "JeongGroup.Bluetooth-InteractionTests";
				PRODUCT_NAME = "$(TARGET_NAME)";
				TEST_HOST = "$(BUILT_PRODUCTS_DIR)/Bluetooth-Interaction.app/Bluetooth-Interaction";
			};
			name = Debug;
		};
		DBB683EC1BDEBDBE002ED471 /* Release */ = {
			isa = XCBuildConfiguration;
			buildSettings = {
				BUNDLE_LOADER = "$(TEST_HOST)";
				INFOPLIST_FILE = "Bluetooth-InteractionTests/Info.plist";
				LD_RUNPATH_SEARCH_PATHS = "$(inherited) @executable_path/Frameworks @loader_path/Frameworks";
				PRODUCT_BUNDLE_IDENTIFIER = "JeongGroup.Bluetooth-InteractionTests";
				PRODUCT_NAME = "$(TARGET_NAME)";
				TEST_HOST = "$(BUILT_PRODUCTS_DIR)/Bluetooth-Interaction.app/Bluetooth-Interaction";
			};
			name = Release;
		};
		DBB683EE1BDEBDBE002ED471 /* Debug */ = {
			isa = XCBuildConfiguration;
			buildSettings = {
				INFOPLIST_FILE = "Bluetooth-InteractionUITests/Info.plist";
				LD_RUNPATH_SEARCH_PATHS = "$(inherited) @executable_path/Frameworks @loader_path/Frameworks";
				PRODUCT_BUNDLE_IDENTIFIER = "JeongGroup.Bluetooth-InteractionUITests";
				PRODUCT_NAME = "$(TARGET_NAME)";
				TEST_TARGET_NAME = "Bluetooth-Interaction";
				USES_XCTRUNNER = YES;
			};
			name = Debug;
		};
		DBB683EF1BDEBDBE002ED471 /* Release */ = {
			isa = XCBuildConfiguration;
			buildSettings = {
				INFOPLIST_FILE = "Bluetooth-InteractionUITests/Info.plist";
				LD_RUNPATH_SEARCH_PATHS = "$(inherited) @executable_path/Frameworks @loader_path/Frameworks";
				PRODUCT_BUNDLE_IDENTIFIER = "JeongGroup.Bluetooth-InteractionUITests";
				PRODUCT_NAME = "$(TARGET_NAME)";
				TEST_TARGET_NAME = "Bluetooth-Interaction";
				USES_XCTRUNNER = YES;
			};
			name = Release;
		};
/* End XCBuildConfiguration section */

/* Begin XCConfigurationList section */
		DBB683B71BDEBDBE002ED471 /* Build configuration list for PBXProject "Bluetooth-Interaction" */ = {
			isa = XCConfigurationList;
			buildConfigurations = (
				DBB683E51BDEBDBE002ED471 /* Debug */,
				DBB683E61BDEBDBE002ED471 /* Release */,
			);
			defaultConfigurationIsVisible = 0;
			defaultConfigurationName = Release;
		};
		DBB683E71BDEBDBE002ED471 /* Build configuration list for PBXNativeTarget "Bluetooth-Interaction" */ = {
			isa = XCConfigurationList;
			buildConfigurations = (
				DBB683E81BDEBDBE002ED471 /* Debug */,
				DBB683E91BDEBDBE002ED471 /* Release */,
			);
			defaultConfigurationIsVisible = 0;
			defaultConfigurationName = Release;
		};
		DBB683EA1BDEBDBE002ED471 /* Build configuration list for PBXNativeTarget "Bluetooth-InteractionTests" */ = {
			isa = XCConfigurationList;
			buildConfigurations = (
				DBB683EB1BDEBDBE002ED471 /* Debug */,
				DBB683EC1BDEBDBE002ED471 /* Release */,
			);
			defaultConfigurationIsVisible = 0;
			defaultConfigurationName = Release;
		};
		DBB683ED1BDEBDBE002ED471 /* Build configuration list for PBXNativeTarget "Bluetooth-InteractionUITests" */ = {
			isa = XCConfigurationList;
			buildConfigurations = (
				DBB683EE1BDEBDBE002ED471 /* Debug */,
				DBB683EF1BDEBDBE002ED471 /* Release */,
			);
			defaultConfigurationIsVisible = 0;
			defaultConfigurationName = Release;
		};
/* End XCConfigurationList section */

/* Begin XCVersionGroup section */
		DBB683C61BDEBDBE002ED471 /* Bluetooth_Interaction.xcdatamodeld */ = {
			isa = XCVersionGroup;
			children = (
				DBB683C71BDEBDBE002ED471 /* Bluetooth_Interaction.xcdatamodel */,
			);
			currentVersion = DBB683C71BDEBDBE002ED471 /* Bluetooth_Interaction.xcdatamodel */;
			path = Bluetooth_Interaction.xcdatamodeld;
			sourceTree = "<group>";
			versionGroupType = wrapper.xcdatamodel;
		};
/* End XCVersionGroup section */
	};
	rootObject = DBB683B41BDEBDBE002ED471 /* Project object */;
}
