PODS:
  - ChameleonFramework/Default (2.0.6)
  - ChameleonFramework/Swift (2.0.6):
    - ChameleonFramework/Default
  - Charts (2.1.6)
  - SnapKit (0.15.0)

DEPENDENCIES:
  - ChameleonFramework/Swift
  - Charts
  - SnapKit

SPEC CHECKSUMS:
  ChameleonFramework: a6b466873ff9a4ce3a5196c20bccf1a97ad9f446
  Charts: 5e1e5ac23898e5b09d226a2fc3e9d86bc281937e
  SnapKit: 4962eed2ee18e48cbd2b2292fffc57efe7235f87

COCOAPODS: 0.39.0
